// !$*UTF8*$!
{
	archiveVersion = 1;
	classes = {
	};
	objectVersion = 45;
	objects = {

/* Begin PBXBuildFile section */
		1D3623260D0F684500981E51 /* iQkAppDelegate.m in Sources */ = {isa = PBXBuildFile; fileRef = 1D3623250D0F684500981E51 /* iQkAppDelegate.m */; };
		1D60589B0D05DD56006BFB54 /* main.m in Sources */ = {isa = PBXBuildFile; fileRef = 29B97316FDCFA39411CA2CEA /* main.m */; };
		1D60589F0D05DD5A006BFB54 /* Foundation.framework in Frameworks */ = {isa = PBXBuildFile; fileRef = 1D30AB110D05D00D00671497 /* Foundation.framework */; };
		1DF5F4E00D08C38300B7A737 /* UIKit.framework in Frameworks */ = {isa = PBXBuildFile; fileRef = 1DF5F4DF0D08C38300B7A737 /* UIKit.framework */; };
		1E24764310E21E6300467480 /* iQkIconAppStore.jpg in Resources */ = {isa = PBXBuildFile; fileRef = 1E24764210E21E6300467480 /* iQkIconAppStore.jpg */; };
		1E24764510E21E8400467480 /* icon.png in Resources */ = {isa = PBXBuildFile; fileRef = 1E24764410E21E8400467480 /* icon.png */; };
		1E27935610AC015A00BE4F6C /* ModeSelectView.xib in Resources */ = {isa = PBXBuildFile; fileRef = 1E27935510AC015A00BE4F6C /* ModeSelectView.xib */; };
		1E6B216D10B12DB400BA14AD /* ServerBrowseViewController.m in Sources */ = {isa = PBXBuildFile; fileRef = 1E6B216B10B12DB400BA14AD /* ServerBrowseViewController.m */; };
		1E6B216E10B12DB400BA14AD /* ServerBrowseView.xib in Resources */ = {isa = PBXBuildFile; fileRef = 1E6B216C10B12DB400BA14AD /* ServerBrowseView.xib */; };
		1E6B219410B12F8A00BA14AD /* Connection.m in Sources */ = {isa = PBXBuildFile; fileRef = 1E6B218210B12F8A00BA14AD /* Connection.m */; };
		1E6B219510B12F8A00BA14AD /* Gesture.m in Sources */ = {isa = PBXBuildFile; fileRef = 1E6B218510B12F8A00BA14AD /* Gesture.m */; };
		1E6B219610B12F8A00BA14AD /* LocalGameHost.m in Sources */ = {isa = PBXBuildFile; fileRef = 1E6B218710B12F8A00BA14AD /* LocalGameHost.m */; };
		1E6B219710B12F8A00BA14AD /* RemoteGameHost.m in Sources */ = {isa = PBXBuildFile; fileRef = 1E6B218910B12F8A00BA14AD /* RemoteGameHost.m */; };
		1E6B219810B12F8A00BA14AD /* Server.m in Sources */ = {isa = PBXBuildFile; fileRef = 1E6B218B10B12F8A00BA14AD /* Server.m */; };
		1E6B219910B12F8A00BA14AD /* ServerBrowser.m in Sources */ = {isa = PBXBuildFile; fileRef = 1E6B218D10B12F8A00BA14AD /* ServerBrowser.m */; };
		1E6B219B10B12F8A00BA14AD /* Game.m in Sources */ = {isa = PBXBuildFile; fileRef = 1E6B219210B12F8A00BA14AD /* Game.m */; };
		1E6B21BE10B131F200BA14AD /* AppConfig.m in Sources */ = {isa = PBXBuildFile; fileRef = 1E6B21BD10B131F200BA14AD /* AppConfig.m */; };
		1EEE874C10D6334A002DEF6F /* PreferenceView.xib in Resources */ = {isa = PBXBuildFile; fileRef = 1EEE874B10D6334A002DEF6F /* PreferenceView.xib */; };
		1EEE874F10D63355002DEF6F /* PreferenceViewController.m in Sources */ = {isa = PBXBuildFile; fileRef = 1EEE874E10D63355002DEF6F /* PreferenceViewController.m */; };
		1EEE87AF10D63BCF002DEF6F /* Settings.bundle in Resources */ = {isa = PBXBuildFile; fileRef = 1EEE87AE10D63BCF002DEF6F /* Settings.bundle */; };
		288765FD0DF74451002DB57D /* CoreGraphics.framework in Frameworks */ = {isa = PBXBuildFile; fileRef = 288765FC0DF74451002DB57D /* CoreGraphics.framework */; };
		28AD733F0D9D9553002E5188 /* MainWindow.xib in Resources */ = {isa = PBXBuildFile; fileRef = 28AD733E0D9D9553002E5188 /* MainWindow.xib */; };
		4680DE9D10D0BAD10015D2C3 /* CowBell.wav in Resources */ = {isa = PBXBuildFile; fileRef = 4680DE9C10D0BAD10015D2C3 /* CowBell.wav */; };
		4680DEB110D0D97E0015D2C3 /* DiscoHit.wav in Resources */ = {isa = PBXBuildFile; fileRef = 4680DEB010D0D97E0015D2C3 /* DiscoHit.wav */; };
		4680DEB310D0D98D0015D2C3 /* DrumStick.wav in Resources */ = {isa = PBXBuildFile; fileRef = 4680DEB210D0D98D0015D2C3 /* DrumStick.wav */; };
		4680DEB510D0D99D0015D2C3 /* HiHatClose.wav in Resources */ = {isa = PBXBuildFile; fileRef = 4680DEB410D0D99D0015D2C3 /* HiHatClose.wav */; };
		4680DEB710D0D9AF0015D2C3 /* JazzCymbal.wav in Resources */ = {isa = PBXBuildFile; fileRef = 4680DEB610D0D9AF0015D2C3 /* JazzCymbal.wav */; };
		4680DEB910D0D9C30015D2C3 /* PacmanDying.wav in Resources */ = {isa = PBXBuildFile; fileRef = 4680DEB810D0D9C30015D2C3 /* PacmanDying.wav */; };
		4680DEBD10D0D9DA0015D2C3 /* ReversedCrash.wav in Resources */ = {isa = PBXBuildFile; fileRef = 4680DEBC10D0D9DA0015D2C3 /* ReversedCrash.wav */; };
		4680DEBF10D0D9EA0015D2C3 /* Tambourine.wav in Resources */ = {isa = PBXBuildFile; fileRef = 4680DEBE10D0D9EA0015D2C3 /* Tambourine.wav */; };
		4680DEC210D0D9FD0015D2C3 /* ZildjianCymbals.wav in Resources */ = {isa = PBXBuildFile; fileRef = 4680DEC110D0D9FD0015D2C3 /* ZildjianCymbals.wav */; };
		4680DED810D0DB7A0015D2C3 /* CymbalSplash.wav in Resources */ = {isa = PBXBuildFile; fileRef = 4680DED710D0DB7A0015D2C3 /* CymbalSplash.wav */; };
		4680DEDC10D0DC6A0015D2C3 /* HiHat.wav in Resources */ = {isa = PBXBuildFile; fileRef = 4680DEDB10D0DC6A0015D2C3 /* HiHat.wav */; };
		468813B310DA08650035B2CF /* iQkJoinButtonEn.png in Resources */ = {isa = PBXBuildFile; fileRef = 468813B210DA08650035B2CF /* iQkJoinButtonEn.png */; };
		468813B510DA08740035B2CF /* iQkMenuButtonEn.png in Resources */ = {isa = PBXBuildFile; fileRef = 468813B410DA08740035B2CF /* iQkMenuButtonEn.png */; };
		468813B710DA08800035B2CF /* iQkMultiButtonEN.png in Resources */ = {isa = PBXBuildFile; fileRef = 468813B610DA08800035B2CF /* iQkMultiButtonEN.png */; };
		468813B910DA08890035B2CF /* iQkNewServerEN.png in Resources */ = {isa = PBXBuildFile; fileRef = 468813B810DA08890035B2CF /* iQkNewServerEN.png */; };
		468813BB10DA08920035B2CF /* iQkNickButtonEN.png in Resources */ = {isa = PBXBuildFile; fileRef = 468813BA10DA08920035B2CF /* iQkNickButtonEN.png */; };
		468813BF10DA0BAB0035B2CF /* iQkCreateServer.png in Resources */ = {isa = PBXBuildFile; fileRef = 468813BE10DA0BAB0035B2CF /* iQkCreateServer.png */; };
		6A21A8DC10ABF54700994931 /* ModeSelectViewController.m in Sources */ = {isa = PBXBuildFile; fileRef = 6A21A8DB10ABF54700994931 /* ModeSelectViewController.m */; };
		6A21A8E510ABF57B00994931 /* iQkGooViewController.m in Sources */ = {isa = PBXBuildFile; fileRef = 6A21A8E410ABF57B00994931 /* iQkGooViewController.m */; };
		6A21A90B10ABFD0F00994931 /* ModeSelectView.m in Sources */ = {isa = PBXBuildFile; fileRef = 6A21A90910ABFD0F00994931 /* ModeSelectView.m */; };
		CD10982F10C78E5C00993154 /* gridMap.m in Sources */ = {isa = PBXBuildFile; fileRef = CD10982E10C78E5C00993154 /* gridMap.m */; };
		CD43996F10D8DC59002D598B /* CountryGuitar.wav in Resources */ = {isa = PBXBuildFile; fileRef = CD43996E10D8DC59002D598B /* CountryGuitar.wav */; };
		CD43997110D8DC7B002D598B /* GrandPianoD.wav in Resources */ = {isa = PBXBuildFile; fileRef = CD43997010D8DC7B002D598B /* GrandPianoD.wav */; };
		CD43997310D8DC9E002D598B /* GrandPianoRock.wav in Resources */ = {isa = PBXBuildFile; fileRef = CD43997210D8DC9E002D598B /* GrandPianoRock.wav */; };
		CD43997510D8DCE9002D598B /* IndianMelody.wav in Resources */ = {isa = PBXBuildFile; fileRef = CD43997410D8DCE9002D598B /* IndianMelody.wav */; };
		CD43997710D8DD03002D598B /* OrganWalkingDog.wav in Resources */ = {isa = PBXBuildFile; fileRef = CD43997610D8DD03002D598B /* OrganWalkingDog.wav */; };
		CD43997910D8DD4E002D598B /* PopGuitar.wav in Resources */ = {isa = PBXBuildFile; fileRef = CD43997810D8DD4E002D598B /* PopGuitar.wav */; };
		CD43997B10D8DD66002D598B /* RhodesBallad.wav in Resources */ = {isa = PBXBuildFile; fileRef = CD43997A10D8DD66002D598B /* RhodesBallad.wav */; };
		CD43997D10D8DD7E002D598B /* RockPianoG.wav in Resources */ = {isa = PBXBuildFile; fileRef = CD43997C10D8DD7E002D598B /* RockPianoG.wav */; };
		CD43997F10D8DD96002D598B /* SkaLoopGuitar.wav in Resources */ = {isa = PBXBuildFile; fileRef = CD43997E10D8DD96002D598B /* SkaLoopGuitar.wav */; };
		CD43998110D8DDAB002D598B /* Takamine.wav in Resources */ = {isa = PBXBuildFile; fileRef = CD43998010D8DDAB002D598B /* Takamine.wav */; };
		CD43998310D8DDC0002D598B /* VibraphoneFunk.wav in Resources */ = {isa = PBXBuildFile; fileRef = CD43998210D8DDC0002D598B /* VibraphoneFunk.wav */; };
		CD43998710D8E05E002D598B /* AcousticGuitarMute.wav in Resources */ = {isa = PBXBuildFile; fileRef = CD43998610D8E05E002D598B /* AcousticGuitarMute.wav */; };
		CD43998910D8E07D002D598B /* PopRockGtrSound.wav in Resources */ = {isa = PBXBuildFile; fileRef = CD43998810D8E07D002D598B /* PopRockGtrSound.wav */; };
		CD8B07A910D0E43000280D4C /* iQkSoloButton.png in Resources */ = {isa = PBXBuildFile; fileRef = CD8B07A810D0E43000280D4C /* iQkSoloButton.png */; };
		CD8B07B710D0E5DC00280D4C /* iQkSelectionBackground.png in Resources */ = {isa = PBXBuildFile; fileRef = CD8B07B610D0E5DC00280D4C /* iQkSelectionBackground.png */; };
		CD92DE7F10D5FC9900717A9F /* iQkSoloButtonEn.png in Resources */ = {isa = PBXBuildFile; fileRef = CD92DE7E10D5FC9900717A9F /* iQkSoloButtonEn.png */; };
		CD92DEE310D609C600717A9F /* Pacman.wav in Resources */ = {isa = PBXBuildFile; fileRef = CD92DEE210D609C600717A9F /* Pacman.wav */; };
		CD92DF6F10D622BD00717A9F /* AcidBass.wav in Resources */ = {isa = PBXBuildFile; fileRef = CD92DF6E10D622BD00717A9F /* AcidBass.wav */; };
		CD92DF7110D622E800717A9F /* BassAcid.wav in Resources */ = {isa = PBXBuildFile; fileRef = CD92DF7010D622E800717A9F /* BassAcid.wav */; };
		CD92DF7310D6236D00717A9F /* BassGuitarSlap.wav in Resources */ = {isa = PBXBuildFile; fileRef = CD92DF7210D6236D00717A9F /* BassGuitarSlap.wav */; };
		CD92DF7510D623B300717A9F /* BassInD.wav in Resources */ = {isa = PBXBuildFile; fileRef = CD92DF7410D623B300717A9F /* BassInD.wav */; };
		CD92DF7710D623FC00717A9F /* BassTremelo.wav in Resources */ = {isa = PBXBuildFile; fileRef = CD92DF7610D623FC00717A9F /* BassTremelo.wav */; };
		CD92DF7910D6242E00717A9F /* DarkEdgyBass.wav in Resources */ = {isa = PBXBuildFile; fileRef = CD92DF7810D6242E00717A9F /* DarkEdgyBass.wav */; };
		CD92DF7E10D6245E00717A9F /* HipHopBass.wav in Resources */ = {isa = PBXBuildFile; fileRef = CD92DF7D10D6245E00717A9F /* HipHopBass.wav */; };
		CD92DF8010D6249100717A9F /* MarimbaBass.wav in Resources */ = {isa = PBXBuildFile; fileRef = CD92DF7F10D6249100717A9F /* MarimbaBass.wav */; };
		CD92DF8210D624CF00717A9F /* NuSchoolBass.wav in Resources */ = {isa = PBXBuildFile; fileRef = CD92DF8110D624CF00717A9F /* NuSchoolBass.wav */; };
		CD92DF8610D6250E00717A9F /* NuSkoolBass.wav in Resources */ = {isa = PBXBuildFile; fileRef = CD92DF8510D6250E00717A9F /* NuSkoolBass.wav */; };
		CD92DF8810D6254400717A9F /* RedBass.wav in Resources */ = {isa = PBXBuildFile; fileRef = CD92DF8710D6254400717A9F /* RedBass.wav */; };
		CD92DF8A10D6256A00717A9F /* ThickBass.wav in Resources */ = {isa = PBXBuildFile; fileRef = CD92DF8910D6256A00717A9F /* ThickBass.wav */; };
		CDA83B7A10CF70040050F857 /* iQkGooView.png in Resources */ = {isa = PBXBuildFile; fileRef = CDA83B7910CF70040050F857 /* iQkGooView.png */; };
		CDA83B8410CF71CD0050F857 /* SnareDrum.wav in Resources */ = {isa = PBXBuildFile; fileRef = CDA83B8310CF71CD0050F857 /* SnareDrum.wav */; };
		CDA83B8E10CF72280050F857 /* AudioToolbox.framework in Frameworks */ = {isa = PBXBuildFile; fileRef = CDA83B8D10CF72280050F857 /* AudioToolbox.framework */; };
		CDA83BAD10CF75490050F857 /* Audio.m in Sources */ = {isa = PBXBuildFile; fileRef = CDA83BAC10CF75490050F857 /* Audio.m */; };
		CDA83BBD10CF7F2A0050F857 /* BassDrum.wav in Resources */ = {isa = PBXBuildFile; fileRef = CDA83BBC10CF7F2A0050F857 /* BassDrum.wav */; };
		CDDC912410C772620054F2A5 /* iQkSplash.png in Resources */ = {isa = PBXBuildFile; fileRef = CDDC912310C772620054F2A5 /* iQkSplash.png */; };
		CDDC912610C772760054F2A5 /* iQkMultiButton.png in Resources */ = {isa = PBXBuildFile; fileRef = CDDC912510C772760054F2A5 /* iQkMultiButton.png */; };
		CDDC912A10C7730F0054F2A5 /* splashView.m in Sources */ = {isa = PBXBuildFile; fileRef = CDDC912910C7730F0054F2A5 /* splashView.m */; };
		CDDC912C10C773510054F2A5 /* QuartzCore.framework in Frameworks */ = {isa = PBXBuildFile; fileRef = CDDC912B10C773510054F2A5 /* QuartzCore.framework */; };
		CDE5274910E1E4E500BF1AE5 /* iQkGooViewContact.png in Resources */ = {isa = PBXBuildFile; fileRef = CDE5274810E1E4E500BF1AE5 /* iQkGooViewContact.png */; };
		CDEBC5C510DA200F008B134E /* iQkJoinButton.png in Resources */ = {isa = PBXBuildFile; fileRef = CDEBC5C410DA200F008B134E /* iQkJoinButton.png */; };
		CDEBC5C710DA2037008B134E /* iQkNickButton.png in Resources */ = {isa = PBXBuildFile; fileRef = CDEBC5C610DA2037008B134E /* iQkNickButton.png */; };
		CDEBC64810DA33AD008B134E /* MediaPlayer.framework in Frameworks */ = {isa = PBXBuildFile; fileRef = CDEBC64710DA33AD008B134E /* MediaPlayer.framework */; };
		EA7EBAC810B91BF700CC3F9A /* iQkGooView.xib in Resources */ = {isa = PBXBuildFile; fileRef = EA7EBAC710B91BF700CC3F9A /* iQkGooView.xib */; };
/* End PBXBuildFile section */

/* Begin PBXFileReference section */
		1D30AB110D05D00D00671497 /* Foundation.framework */ = {isa = PBXFileReference; lastKnownFileType = wrapper.framework; name = Foundation.framework; path = System/Library/Frameworks/Foundation.framework; sourceTree = SDKROOT; };
		1D3623240D0F684500981E51 /* iQkAppDelegate.h */ = {isa = PBXFileReference; fileEncoding = 4; lastKnownFileType = sourcecode.c.h; path = iQkAppDelegate.h; sourceTree = "<group>"; };
		1D3623250D0F684500981E51 /* iQkAppDelegate.m */ = {isa = PBXFileReference; fileEncoding = 4; lastKnownFileType = sourcecode.c.objc; path = iQkAppDelegate.m; sourceTree = "<group>"; };
		1D6058910D05DD3D006BFB54 /* iQk.app */ = {isa = PBXFileReference; explicitFileType = wrapper.application; includeInIndex = 0; path = iQk.app; sourceTree = BUILT_PRODUCTS_DIR; };
		1DF5F4DF0D08C38300B7A737 /* UIKit.framework */ = {isa = PBXFileReference; lastKnownFileType = wrapper.framework; name = UIKit.framework; path = System/Library/Frameworks/UIKit.framework; sourceTree = SDKROOT; };
		1E24764210E21E6300467480 /* iQkIconAppStore.jpg */ = {isa = PBXFileReference; lastKnownFileType = image.jpeg; path = iQkIconAppStore.jpg; sourceTree = "<group>"; };
		1E24764410E21E8400467480 /* icon.png */ = {isa = PBXFileReference; lastKnownFileType = image.png; path = icon.png; sourceTree = "<group>"; };
		1E27935510AC015A00BE4F6C /* ModeSelectView.xib */ = {isa = PBXFileReference; lastKnownFileType = file.xib; name = ModeSelectView.xib; path = Classes/ModeSelectView.xib; sourceTree = "<group>"; };
		1E6B216A10B12DB400BA14AD /* ServerBrowseViewController.h */ = {isa = PBXFileReference; fileEncoding = 4; lastKnownFileType = sourcecode.c.h; path = ServerBrowseViewController.h; sourceTree = "<group>"; };
		1E6B216B10B12DB400BA14AD /* ServerBrowseViewController.m */ = {isa = PBXFileReference; fileEncoding = 4; lastKnownFileType = sourcecode.c.objc; path = ServerBrowseViewController.m; sourceTree = "<group>"; };
		1E6B216C10B12DB400BA14AD /* ServerBrowseView.xib */ = {isa = PBXFileReference; lastKnownFileType = file.xib; name = ServerBrowseView.xib; path = Classes/ServerBrowseView.xib; sourceTree = "<group>"; };
		1E6B218110B12F8A00BA14AD /* Connection.h */ = {isa = PBXFileReference; fileEncoding = 4; lastKnownFileType = sourcecode.c.h; path = Connection.h; sourceTree = "<group>"; };
		1E6B218210B12F8A00BA14AD /* Connection.m */ = {isa = PBXFileReference; fileEncoding = 4; lastKnownFileType = sourcecode.c.objc; path = Connection.m; sourceTree = "<group>"; };
		1E6B218310B12F8A00BA14AD /* ConnectionDelegate.h */ = {isa = PBXFileReference; fileEncoding = 4; lastKnownFileType = sourcecode.c.h; path = ConnectionDelegate.h; sourceTree = "<group>"; };
		1E6B218410B12F8A00BA14AD /* Gesture.h */ = {isa = PBXFileReference; fileEncoding = 4; lastKnownFileType = sourcecode.c.h; path = Gesture.h; sourceTree = "<group>"; };
		1E6B218510B12F8A00BA14AD /* Gesture.m */ = {isa = PBXFileReference; fileEncoding = 4; lastKnownFileType = sourcecode.c.objc; path = Gesture.m; sourceTree = "<group>"; };
		1E6B218610B12F8A00BA14AD /* LocalGameHost.h */ = {isa = PBXFileReference; fileEncoding = 4; lastKnownFileType = sourcecode.c.h; path = LocalGameHost.h; sourceTree = "<group>"; };
		1E6B218710B12F8A00BA14AD /* LocalGameHost.m */ = {isa = PBXFileReference; fileEncoding = 4; lastKnownFileType = sourcecode.c.objc; path = LocalGameHost.m; sourceTree = "<group>"; };
		1E6B218810B12F8A00BA14AD /* RemoteGameHost.h */ = {isa = PBXFileReference; fileEncoding = 4; lastKnownFileType = sourcecode.c.h; path = RemoteGameHost.h; sourceTree = "<group>"; };
		1E6B218910B12F8A00BA14AD /* RemoteGameHost.m */ = {isa = PBXFileReference; fileEncoding = 4; lastKnownFileType = sourcecode.c.objc; path = RemoteGameHost.m; sourceTree = "<group>"; };
		1E6B218A10B12F8A00BA14AD /* Server.h */ = {isa = PBXFileReference; fileEncoding = 4; lastKnownFileType = sourcecode.c.h; path = Server.h; sourceTree = "<group>"; };
		1E6B218B10B12F8A00BA14AD /* Server.m */ = {isa = PBXFileReference; fileEncoding = 4; lastKnownFileType = sourcecode.c.objc; path = Server.m; sourceTree = "<group>"; };
		1E6B218C10B12F8A00BA14AD /* ServerBrowser.h */ = {isa = PBXFileReference; fileEncoding = 4; lastKnownFileType = sourcecode.c.h; path = ServerBrowser.h; sourceTree = "<group>"; };
		1E6B218D10B12F8A00BA14AD /* ServerBrowser.m */ = {isa = PBXFileReference; fileEncoding = 4; lastKnownFileType = sourcecode.c.objc; path = ServerBrowser.m; sourceTree = "<group>"; };
		1E6B218E10B12F8A00BA14AD /* ServerBrowserDelegate.h */ = {isa = PBXFileReference; fileEncoding = 4; lastKnownFileType = sourcecode.c.h; path = ServerBrowserDelegate.h; sourceTree = "<group>"; };
		1E6B219010B12F8A00BA14AD /* ServerDelegate.h */ = {isa = PBXFileReference; fileEncoding = 4; lastKnownFileType = sourcecode.c.h; path = ServerDelegate.h; sourceTree = "<group>"; };
		1E6B219110B12F8A00BA14AD /* Game.h */ = {isa = PBXFileReference; fileEncoding = 4; lastKnownFileType = sourcecode.c.h; path = Game.h; sourceTree = "<group>"; };
		1E6B219210B12F8A00BA14AD /* Game.m */ = {isa = PBXFileReference; fileEncoding = 4; lastKnownFileType = sourcecode.c.objc; path = Game.m; sourceTree = "<group>"; };
		1E6B219310B12F8A00BA14AD /* GameDelegate.h */ = {isa = PBXFileReference; fileEncoding = 4; lastKnownFileType = sourcecode.c.h; path = GameDelegate.h; sourceTree = "<group>"; };
		1E6B21BC10B131F200BA14AD /* AppConfig.h */ = {isa = PBXFileReference; fileEncoding = 4; lastKnownFileType = sourcecode.c.h; path = AppConfig.h; sourceTree = "<group>"; };
		1E6B21BD10B131F200BA14AD /* AppConfig.m */ = {isa = PBXFileReference; fileEncoding = 4; lastKnownFileType = sourcecode.c.objc; path = AppConfig.m; sourceTree = "<group>"; };
		1EEE874B10D6334A002DEF6F /* PreferenceView.xib */ = {isa = PBXFileReference; lastKnownFileType = file.xib; path = PreferenceView.xib; sourceTree = "<group>"; };
		1EEE874D10D63355002DEF6F /* PreferenceViewController.h */ = {isa = PBXFileReference; fileEncoding = 4; lastKnownFileType = sourcecode.c.h; path = PreferenceViewController.h; sourceTree = "<group>"; };
		1EEE874E10D63355002DEF6F /* PreferenceViewController.m */ = {isa = PBXFileReference; fileEncoding = 4; lastKnownFileType = sourcecode.c.objc; path = PreferenceViewController.m; sourceTree = "<group>"; };
		1EEE87AE10D63BCF002DEF6F /* Settings.bundle */ = {isa = PBXFileReference; lastKnownFileType = "wrapper.plug-in"; path = Settings.bundle; sourceTree = "<group>"; };
		288765FC0DF74451002DB57D /* CoreGraphics.framework */ = {isa = PBXFileReference; lastKnownFileType = wrapper.framework; name = CoreGraphics.framework; path = System/Library/Frameworks/CoreGraphics.framework; sourceTree = SDKROOT; };
		28AD733E0D9D9553002E5188 /* MainWindow.xib */ = {isa = PBXFileReference; lastKnownFileType = file.xib; path = MainWindow.xib; sourceTree = "<group>"; };
		29B97316FDCFA39411CA2CEA /* main.m */ = {isa = PBXFileReference; fileEncoding = 4; lastKnownFileType = sourcecode.c.objc; path = main.m; sourceTree = "<group>"; };
		32CA4F630368D1EE00C91783 /* iQk_Prefix.pch */ = {isa = PBXFileReference; fileEncoding = 4; lastKnownFileType = sourcecode.c.h; path = iQk_Prefix.pch; sourceTree = "<group>"; };
		4680DE9C10D0BAD10015D2C3 /* CowBell.wav */ = {isa = PBXFileReference; lastKnownFileType = audio.wav; path = CowBell.wav; sourceTree = "<group>"; };
		4680DEB010D0D97E0015D2C3 /* DiscoHit.wav */ = {isa = PBXFileReference; lastKnownFileType = audio.wav; path = DiscoHit.wav; sourceTree = "<group>"; };
		4680DEB210D0D98D0015D2C3 /* DrumStick.wav */ = {isa = PBXFileReference; lastKnownFileType = audio.wav; path = DrumStick.wav; sourceTree = "<group>"; };
		4680DEB410D0D99D0015D2C3 /* HiHatClose.wav */ = {isa = PBXFileReference; lastKnownFileType = audio.wav; path = HiHatClose.wav; sourceTree = "<group>"; };
		4680DEB610D0D9AF0015D2C3 /* JazzCymbal.wav */ = {isa = PBXFileReference; lastKnownFileType = audio.wav; path = JazzCymbal.wav; sourceTree = "<group>"; };
		4680DEB810D0D9C30015D2C3 /* PacmanDying.wav */ = {isa = PBXFileReference; lastKnownFileType = audio.wav; path = PacmanDying.wav; sourceTree = "<group>"; };
		4680DEBC10D0D9DA0015D2C3 /* ReversedCrash.wav */ = {isa = PBXFileReference; lastKnownFileType = audio.wav; path = ReversedCrash.wav; sourceTree = "<group>"; };
		4680DEBE10D0D9EA0015D2C3 /* Tambourine.wav */ = {isa = PBXFileReference; lastKnownFileType = audio.wav; path = Tambourine.wav; sourceTree = "<group>"; };
		4680DEC110D0D9FD0015D2C3 /* ZildjianCymbals.wav */ = {isa = PBXFileReference; lastKnownFileType = audio.wav; path = ZildjianCymbals.wav; sourceTree = "<group>"; };
		4680DED710D0DB7A0015D2C3 /* CymbalSplash.wav */ = {isa = PBXFileReference; lastKnownFileType = audio.wav; path = CymbalSplash.wav; sourceTree = "<group>"; };
		4680DEDB10D0DC6A0015D2C3 /* HiHat.wav */ = {isa = PBXFileReference; lastKnownFileType = audio.wav; path = HiHat.wav; sourceTree = "<group>"; };
		468813B210DA08650035B2CF /* iQkJoinButtonEn.png */ = {isa = PBXFileReference; lastKnownFileType = image.png; path = iQkJoinButtonEn.png; sourceTree = "<group>"; };
		468813B410DA08740035B2CF /* iQkMenuButtonEn.png */ = {isa = PBXFileReference; lastKnownFileType = image.png; path = iQkMenuButtonEn.png; sourceTree = "<group>"; };
		468813B610DA08800035B2CF /* iQkMultiButtonEN.png */ = {isa = PBXFileReference; lastKnownFileType = image.png; path = iQkMultiButtonEN.png; sourceTree = "<group>"; };
		468813B810DA08890035B2CF /* iQkNewServerEN.png */ = {isa = PBXFileReference; lastKnownFileType = image.png; path = iQkNewServerEN.png; sourceTree = "<group>"; };
		468813BA10DA08920035B2CF /* iQkNickButtonEN.png */ = {isa = PBXFileReference; lastKnownFileType = image.png; path = iQkNickButtonEN.png; sourceTree = "<group>"; };
		468813BE10DA0BAB0035B2CF /* iQkCreateServer.png */ = {isa = PBXFileReference; lastKnownFileType = image.png; path = iQkCreateServer.png; sourceTree = "<group>"; };
		6A21A8DA10ABF54700994931 /* ModeSelectViewController.h */ = {isa = PBXFileReference; fileEncoding = 4; lastKnownFileType = sourcecode.c.h; path = ModeSelectViewController.h; sourceTree = "<group>"; };
		6A21A8DB10ABF54700994931 /* ModeSelectViewController.m */ = {isa = PBXFileReference; fileEncoding = 4; lastKnownFileType = sourcecode.c.objc; path = ModeSelectViewController.m; sourceTree = "<group>"; };
		6A21A8E310ABF57B00994931 /* iQkGooViewController.h */ = {isa = PBXFileReference; fileEncoding = 4; lastKnownFileType = sourcecode.c.h; path = iQkGooViewController.h; sourceTree = "<group>"; };
		6A21A8E410ABF57B00994931 /* iQkGooViewController.m */ = {isa = PBXFileReference; fileEncoding = 4; lastKnownFileType = sourcecode.c.objc; path = iQkGooViewController.m; sourceTree = "<group>"; };
		6A21A90810ABFD0F00994931 /* ModeSelectView.h */ = {isa = PBXFileReference; fileEncoding = 4; lastKnownFileType = sourcecode.c.h; path = ModeSelectView.h; sourceTree = "<group>"; };
		6A21A90910ABFD0F00994931 /* ModeSelectView.m */ = {isa = PBXFileReference; fileEncoding = 4; lastKnownFileType = sourcecode.c.objc; path = ModeSelectView.m; sourceTree = "<group>"; };
		8D1107310486CEB800E47090 /* iQk-Info.plist */ = {isa = PBXFileReference; fileEncoding = 4; lastKnownFileType = text.plist.xml; path = "iQk-Info.plist"; plistStructureDefinitionIdentifier = "com.apple.xcode.plist.structure-definition.iphone.info-plist"; sourceTree = "<group>"; };
		CD10982D10C78E5C00993154 /* gridMap.h */ = {isa = PBXFileReference; fileEncoding = 4; lastKnownFileType = sourcecode.c.h; path = gridMap.h; sourceTree = "<group>"; };
		CD10982E10C78E5C00993154 /* gridMap.m */ = {isa = PBXFileReference; fileEncoding = 4; lastKnownFileType = sourcecode.c.objc; path = gridMap.m; sourceTree = "<group>"; };
		CD43996E10D8DC59002D598B /* CountryGuitar.wav */ = {isa = PBXFileReference; lastKnownFileType = audio.wav; path = CountryGuitar.wav; sourceTree = "<group>"; };
		CD43997010D8DC7B002D598B /* GrandPianoD.wav */ = {isa = PBXFileReference; lastKnownFileType = audio.wav; path = GrandPianoD.wav; sourceTree = "<group>"; };
		CD43997210D8DC9E002D598B /* GrandPianoRock.wav */ = {isa = PBXFileReference; lastKnownFileType = audio.wav; path = GrandPianoRock.wav; sourceTree = "<group>"; };
		CD43997410D8DCE9002D598B /* IndianMelody.wav */ = {isa = PBXFileReference; lastKnownFileType = audio.wav; path = IndianMelody.wav; sourceTree = "<group>"; };
		CD43997610D8DD03002D598B /* OrganWalkingDog.wav */ = {isa = PBXFileReference; lastKnownFileType = audio.wav; path = OrganWalkingDog.wav; sourceTree = "<group>"; };
		CD43997810D8DD4E002D598B /* PopGuitar.wav */ = {isa = PBXFileReference; lastKnownFileType = audio.wav; path = PopGuitar.wav; sourceTree = "<group>"; };
		CD43997A10D8DD66002D598B /* RhodesBallad.wav */ = {isa = PBXFileReference; lastKnownFileType = audio.wav; path = RhodesBallad.wav; sourceTree = "<group>"; };
		CD43997C10D8DD7E002D598B /* RockPianoG.wav */ = {isa = PBXFileReference; lastKnownFileType = audio.wav; path = RockPianoG.wav; sourceTree = "<group>"; };
		CD43997E10D8DD96002D598B /* SkaLoopGuitar.wav */ = {isa = PBXFileReference; lastKnownFileType = audio.wav; path = SkaLoopGuitar.wav; sourceTree = "<group>"; };
		CD43998010D8DDAB002D598B /* Takamine.wav */ = {isa = PBXFileReference; lastKnownFileType = audio.wav; path = Takamine.wav; sourceTree = "<group>"; };
		CD43998210D8DDC0002D598B /* VibraphoneFunk.wav */ = {isa = PBXFileReference; lastKnownFileType = audio.wav; path = VibraphoneFunk.wav; sourceTree = "<group>"; };
		CD43998610D8E05E002D598B /* AcousticGuitarMute.wav */ = {isa = PBXFileReference; lastKnownFileType = audio.wav; path = AcousticGuitarMute.wav; sourceTree = "<group>"; };
		CD43998810D8E07D002D598B /* PopRockGtrSound.wav */ = {isa = PBXFileReference; lastKnownFileType = audio.wav; path = PopRockGtrSound.wav; sourceTree = "<group>"; };
		CD8B07A810D0E43000280D4C /* iQkSoloButton.png */ = {isa = PBXFileReference; lastKnownFileType = image.png; path = iQkSoloButton.png; sourceTree = "<group>"; };
		CD8B07B610D0E5DC00280D4C /* iQkSelectionBackground.png */ = {isa = PBXFileReference; lastKnownFileType = image.png; path = iQkSelectionBackground.png; sourceTree = "<group>"; };
		CD92DE7E10D5FC9900717A9F /* iQkSoloButtonEn.png */ = {isa = PBXFileReference; lastKnownFileType = image.png; path = iQkSoloButtonEn.png; sourceTree = "<group>"; };
		CD92DEE210D609C600717A9F /* Pacman.wav */ = {isa = PBXFileReference; lastKnownFileType = audio.wav; path = Pacman.wav; sourceTree = "<group>"; };
		CD92DF6E10D622BD00717A9F /* AcidBass.wav */ = {isa = PBXFileReference; lastKnownFileType = audio.wav; path = AcidBass.wav; sourceTree = "<group>"; };
		CD92DF7010D622E800717A9F /* BassAcid.wav */ = {isa = PBXFileReference; lastKnownFileType = audio.wav; path = BassAcid.wav; sourceTree = "<group>"; };
		CD92DF7210D6236D00717A9F /* BassGuitarSlap.wav */ = {isa = PBXFileReference; lastKnownFileType = audio.wav; path = BassGuitarSlap.wav; sourceTree = "<group>"; };
		CD92DF7410D623B300717A9F /* BassInD.wav */ = {isa = PBXFileReference; lastKnownFileType = audio.wav; path = BassInD.wav; sourceTree = "<group>"; };
		CD92DF7610D623FC00717A9F /* BassTremelo.wav */ = {isa = PBXFileReference; lastKnownFileType = audio.wav; path = BassTremelo.wav; sourceTree = "<group>"; };
		CD92DF7810D6242E00717A9F /* DarkEdgyBass.wav */ = {isa = PBXFileReference; lastKnownFileType = audio.wav; path = DarkEdgyBass.wav; sourceTree = "<group>"; };
		CD92DF7D10D6245E00717A9F /* HipHopBass.wav */ = {isa = PBXFileReference; lastKnownFileType = audio.wav; path = HipHopBass.wav; sourceTree = "<group>"; };
		CD92DF7F10D6249100717A9F /* MarimbaBass.wav */ = {isa = PBXFileReference; lastKnownFileType = audio.wav; path = MarimbaBass.wav; sourceTree = "<group>"; };
		CD92DF8110D624CF00717A9F /* NuSchoolBass.wav */ = {isa = PBXFileReference; lastKnownFileType = audio.wav; path = NuSchoolBass.wav; sourceTree = "<group>"; };
		CD92DF8510D6250E00717A9F /* NuSkoolBass.wav */ = {isa = PBXFileReference; lastKnownFileType = audio.wav; path = NuSkoolBass.wav; sourceTree = "<group>"; };
		CD92DF8710D6254400717A9F /* RedBass.wav */ = {isa = PBXFileReference; lastKnownFileType = audio.wav; path = RedBass.wav; sourceTree = "<group>"; };
		CD92DF8910D6256A00717A9F /* ThickBass.wav */ = {isa = PBXFileReference; lastKnownFileType = audio.wav; path = ThickBass.wav; sourceTree = "<group>"; };
		CDA83B7910CF70040050F857 /* iQkGooView.png */ = {isa = PBXFileReference; lastKnownFileType = image.png; path = iQkGooView.png; sourceTree = "<group>"; };
		CDA83B8310CF71CD0050F857 /* SnareDrum.wav */ = {isa = PBXFileReference; lastKnownFileType = audio.wav; path = SnareDrum.wav; sourceTree = "<group>"; };
		CDA83B8D10CF72280050F857 /* AudioToolbox.framework */ = {isa = PBXFileReference; lastKnownFileType = wrapper.framework; name = AudioToolbox.framework; path = System/Library/Frameworks/AudioToolbox.framework; sourceTree = SDKROOT; };
		CDA83BAB10CF75490050F857 /* Audio.h */ = {isa = PBXFileReference; fileEncoding = 4; lastKnownFileType = sourcecode.c.h; path = Audio.h; sourceTree = "<group>"; };
		CDA83BAC10CF75490050F857 /* Audio.m */ = {isa = PBXFileReference; fileEncoding = 4; lastKnownFileType = sourcecode.c.objc; path = Audio.m; sourceTree = "<group>"; };
		CDA83BBC10CF7F2A0050F857 /* BassDrum.wav */ = {isa = PBXFileReference; lastKnownFileType = audio.wav; path = BassDrum.wav; sourceTree = "<group>"; };
		CDDC912310C772620054F2A5 /* iQkSplash.png */ = {isa = PBXFileReference; lastKnownFileType = image.png; path = iQkSplash.png; sourceTree = "<group>"; };
		CDDC912510C772760054F2A5 /* iQkMultiButton.png */ = {isa = PBXFileReference; lastKnownFileType = image.png; path = iQkMultiButton.png; sourceTree = "<group>"; };
		CDDC912810C7730F0054F2A5 /* splashView.h */ = {isa = PBXFileReference; fileEncoding = 4; lastKnownFileType = sourcecode.c.h; path = splashView.h; sourceTree = "<group>"; };
		CDDC912910C7730F0054F2A5 /* splashView.m */ = {isa = PBXFileReference; fileEncoding = 4; lastKnownFileType = sourcecode.c.objc; path = splashView.m; sourceTree = "<group>"; };
		CDDC912B10C773510054F2A5 /* QuartzCore.framework */ = {isa = PBXFileReference; lastKnownFileType = wrapper.framework; name = QuartzCore.framework; path = System/Library/Frameworks/QuartzCore.framework; sourceTree = SDKROOT; };
		CDE5274810E1E4E500BF1AE5 /* iQkGooViewContact.png */ = {isa = PBXFileReference; lastKnownFileType = image.png; path = iQkGooViewContact.png; sourceTree = "<group>"; };
		CDEBC5C410DA200F008B134E /* iQkJoinButton.png */ = {isa = PBXFileReference; lastKnownFileType = image.png; path = iQkJoinButton.png; sourceTree = "<group>"; };
		CDEBC5C610DA2037008B134E /* iQkNickButton.png */ = {isa = PBXFileReference; lastKnownFileType = image.png; path = iQkNickButton.png; sourceTree = "<group>"; };
		CDEBC64710DA33AD008B134E /* MediaPlayer.framework */ = {isa = PBXFileReference; lastKnownFileType = wrapper.framework; name = MediaPlayer.framework; path = System/Library/Frameworks/MediaPlayer.framework; sourceTree = SDKROOT; };
		EA7EBAC710B91BF700CC3F9A /* iQkGooView.xib */ = {isa = PBXFileReference; lastKnownFileType = file.xib; path = iQkGooView.xib; sourceTree = "<group>"; };
/* End PBXFileReference section */

/* Begin PBXFrameworksBuildPhase section */
		1D60588F0D05DD3D006BFB54 /* Frameworks */ = {
			isa = PBXFrameworksBuildPhase;
			buildActionMask = 2147483647;
			files = (
				1D60589F0D05DD5A006BFB54 /* Foundation.framework in Frameworks */,
				1DF5F4E00D08C38300B7A737 /* UIKit.framework in Frameworks */,
				288765FD0DF74451002DB57D /* CoreGraphics.framework in Frameworks */,
				CDDC912C10C773510054F2A5 /* QuartzCore.framework in Frameworks */,
				CDA83B8E10CF72280050F857 /* AudioToolbox.framework in Frameworks */,
				CDEBC64810DA33AD008B134E /* MediaPlayer.framework in Frameworks */,
			);
			runOnlyForDeploymentPostprocessing = 0;
		};
/* End PBXFrameworksBuildPhase section */

/* Begin PBXGroup section */
		080E96DDFE201D6D7F000001 /* Classes */ = {
			isa = PBXGroup;
			children = (
				1E6B219C10B12F9100BA14AD /* Game Logic */,
				1E6B216910B12D9B00BA14AD /* Networking */,
				6A21A8D010ABF47D00994931 /* UI */,
				1D3623240D0F684500981E51 /* iQkAppDelegate.h */,
				1D3623250D0F684500981E51 /* iQkAppDelegate.m */,
				1E6B21BC10B131F200BA14AD /* AppConfig.h */,
				1E6B21BD10B131F200BA14AD /* AppConfig.m */,
			);
			path = Classes;
			sourceTree = "<group>";
		};
		19C28FACFE9D520D11CA2CBB /* Products */ = {
			isa = PBXGroup;
			children = (
				1D6058910D05DD3D006BFB54 /* iQk.app */,
			);
			name = Products;
			sourceTree = "<group>";
		};
		1E6B216910B12D9B00BA14AD /* Networking */ = {
			isa = PBXGroup;
			children = (
				1E6B218110B12F8A00BA14AD /* Connection.h */,
				1E6B218210B12F8A00BA14AD /* Connection.m */,
				1E6B218310B12F8A00BA14AD /* ConnectionDelegate.h */,
				1E6B218A10B12F8A00BA14AD /* Server.h */,
				1E6B218B10B12F8A00BA14AD /* Server.m */,
				1E6B219010B12F8A00BA14AD /* ServerDelegate.h */,
				1E6B218C10B12F8A00BA14AD /* ServerBrowser.h */,
				1E6B218D10B12F8A00BA14AD /* ServerBrowser.m */,
				1E6B218E10B12F8A00BA14AD /* ServerBrowserDelegate.h */,
			);
			name = Networking;
			sourceTree = "<group>";
		};
		1E6B219C10B12F9100BA14AD /* Game Logic */ = {
			isa = PBXGroup;
			children = (
				1E6B218410B12F8A00BA14AD /* Gesture.h */,
				1E6B218510B12F8A00BA14AD /* Gesture.m */,
				1E6B218610B12F8A00BA14AD /* LocalGameHost.h */,
				1E6B218710B12F8A00BA14AD /* LocalGameHost.m */,
				1E6B218810B12F8A00BA14AD /* RemoteGameHost.h */,
				1E6B218910B12F8A00BA14AD /* RemoteGameHost.m */,
				1E6B219110B12F8A00BA14AD /* Game.h */,
				1E6B219210B12F8A00BA14AD /* Game.m */,
				1E6B219310B12F8A00BA14AD /* GameDelegate.h */,
				CD10982D10C78E5C00993154 /* gridMap.h */,
				CD10982E10C78E5C00993154 /* gridMap.m */,
				CDA83BAB10CF75490050F857 /* Audio.h */,
				CDA83BAC10CF75490050F857 /* Audio.m */,
			);
			name = "Game Logic";
			sourceTree = "<group>";
		};
		29B97314FDCFA39411CA2CEA /* CustomTemplate */ = {
			isa = PBXGroup;
			children = (
				080E96DDFE201D6D7F000001 /* Classes */,
				29B97315FDCFA39411CA2CEA /* Other Sources */,
				29B97317FDCFA39411CA2CEA /* Resources */,
				29B97323FDCFA39411CA2CEA /* Frameworks */,
				19C28FACFE9D520D11CA2CBB /* Products */,
				1EEE87AE10D63BCF002DEF6F /* Settings.bundle */,
			);
			name = CustomTemplate;
			sourceTree = "<group>";
		};
		29B97315FDCFA39411CA2CEA /* Other Sources */ = {
			isa = PBXGroup;
			children = (
				32CA4F630368D1EE00C91783 /* iQk_Prefix.pch */,
				29B97316FDCFA39411CA2CEA /* main.m */,
			);
			name = "Other Sources";
			sourceTree = "<group>";
		};
		29B97317FDCFA39411CA2CEA /* Resources */ = {
			isa = PBXGroup;
			children = (
				1EEE874B10D6334A002DEF6F /* PreferenceView.xib */,
				1E24764410E21E8400467480 /* icon.png */,
				1E24764210E21E6300467480 /* iQkIconAppStore.jpg */,
				CDA83B8110CF719F0050F857 /* Audio */,
				1E6B216C10B12DB400BA14AD /* ServerBrowseView.xib */,
				1E27935510AC015A00BE4F6C /* ModeSelectView.xib */,
				468813BE10DA0BAB0035B2CF /* iQkCreateServer.png */,
				468813B210DA08650035B2CF /* iQkJoinButtonEn.png */,
				468813B410DA08740035B2CF /* iQkMenuButtonEn.png */,
				468813B610DA08800035B2CF /* iQkMultiButtonEN.png */,
				468813B810DA08890035B2CF /* iQkNewServerEN.png */,
				468813BA10DA08920035B2CF /* iQkNickButtonEN.png */,
				CDA83B7910CF70040050F857 /* iQkGooView.png */,
				CD8B07B610D0E5DC00280D4C /* iQkSelectionBackground.png */,
				CD8B07A810D0E43000280D4C /* iQkSoloButton.png */,
				CD92DE7E10D5FC9900717A9F /* iQkSoloButtonEn.png */,
				28AD733E0D9D9553002E5188 /* MainWindow.xib */,
				8D1107310486CEB800E47090 /* iQk-Info.plist */,
				EA7EBAC710B91BF700CC3F9A /* iQkGooView.xib */,
				CDE5274810E1E4E500BF1AE5 /* iQkGooViewContact.png */,
				CDDC912510C772760054F2A5 /* iQkMultiButton.png */,
				CDDC912310C772620054F2A5 /* iQkSplash.png */,
				CDEBC5C410DA200F008B134E /* iQkJoinButton.png */,
				CDEBC5C610DA2037008B134E /* iQkNickButton.png */,
			);
			name = Resources;
			sourceTree = "<group>";
		};
		29B97323FDCFA39411CA2CEA /* Frameworks */ = {
			isa = PBXGroup;
			children = (
				1DF5F4DF0D08C38300B7A737 /* UIKit.framework */,
				1D30AB110D05D00D00671497 /* Foundation.framework */,
				288765FC0DF74451002DB57D /* CoreGraphics.framework */,
				CDDC912B10C773510054F2A5 /* QuartzCore.framework */,
				CDA83B8D10CF72280050F857 /* AudioToolbox.framework */,
				CDEBC64710DA33AD008B134E /* MediaPlayer.framework */,
			);
			name = Frameworks;
			sourceTree = "<group>";
		};
		6A21A8D010ABF47D00994931 /* UI */ = {
			isa = PBXGroup;
			children = (
				1EEE874D10D63355002DEF6F /* PreferenceViewController.h */,
				1EEE874E10D63355002DEF6F /* PreferenceViewController.m */,
				1E6B216A10B12DB400BA14AD /* ServerBrowseViewController.h */,
				1E6B216B10B12DB400BA14AD /* ServerBrowseViewController.m */,
				6A21A90810ABFD0F00994931 /* ModeSelectView.h */,
				6A21A90910ABFD0F00994931 /* ModeSelectView.m */,
				6A21A8DA10ABF54700994931 /* ModeSelectViewController.h */,
				6A21A8DB10ABF54700994931 /* ModeSelectViewController.m */,
				6A21A8E310ABF57B00994931 /* iQkGooViewController.h */,
				6A21A8E410ABF57B00994931 /* iQkGooViewController.m */,
				CDDC912810C7730F0054F2A5 /* splashView.h */,
				CDDC912910C7730F0054F2A5 /* splashView.m */,
			);
			name = UI;
			sourceTree = "<group>";
		};
		CDA83B8110CF719F0050F857 /* Audio */ = {
			isa = PBXGroup;
			children = (
				CDA83B8210CF71B70050F857 /* Default */,
			);
			name = Audio;
			sourceTree = "<group>";
		};
		CDA83B8210CF71B70050F857 /* Default */ = {
			isa = PBXGroup;
			children = (
				CD92DEE210D609C600717A9F /* Pacman.wav */,
				4680DED710D0DB7A0015D2C3 /* CymbalSplash.wav */,
				4680DEB010D0D97E0015D2C3 /* DiscoHit.wav */,
				4680DEDB10D0DC6A0015D2C3 /* HiHat.wav */,
				4680DEB410D0D99D0015D2C3 /* HiHatClose.wav */,
				4680DEBC10D0D9DA0015D2C3 /* ReversedCrash.wav */,
				4680DEBE10D0D9EA0015D2C3 /* Tambourine.wav */,
				4680DEB610D0D9AF0015D2C3 /* JazzCymbal.wav */,
				4680DEB810D0D9C30015D2C3 /* PacmanDying.wav */,
				4680DEB210D0D98D0015D2C3 /* DrumStick.wav */,
				4680DE9C10D0BAD10015D2C3 /* CowBell.wav */,
				CDA83BBC10CF7F2A0050F857 /* BassDrum.wav */,
				CDA83B8310CF71CD0050F857 /* SnareDrum.wav */,
				4680DEC110D0D9FD0015D2C3 /* ZildjianCymbals.wav */,
				CD92DF6E10D622BD00717A9F /* AcidBass.wav */,
				CD92DF7010D622E800717A9F /* BassAcid.wav */,
				CD92DF7210D6236D00717A9F /* BassGuitarSlap.wav */,
				CD92DF7410D623B300717A9F /* BassInD.wav */,
				CD92DF7610D623FC00717A9F /* BassTremelo.wav */,
				CD92DF7810D6242E00717A9F /* DarkEdgyBass.wav */,
				CD92DF7D10D6245E00717A9F /* HipHopBass.wav */,
				CD92DF7F10D6249100717A9F /* MarimbaBass.wav */,
				CD92DF8110D624CF00717A9F /* NuSchoolBass.wav */,
				CD92DF8510D6250E00717A9F /* NuSkoolBass.wav */,
				CD92DF8710D6254400717A9F /* RedBass.wav */,
				CD92DF8910D6256A00717A9F /* ThickBass.wav */,
				CD43996E10D8DC59002D598B /* CountryGuitar.wav */,
				CD43997010D8DC7B002D598B /* GrandPianoD.wav */,
				CD43997210D8DC9E002D598B /* GrandPianoRock.wav */,
				CD43997410D8DCE9002D598B /* IndianMelody.wav */,
				CD43997610D8DD03002D598B /* OrganWalkingDog.wav */,
				CD43997810D8DD4E002D598B /* PopGuitar.wav */,
				CD43997A10D8DD66002D598B /* RhodesBallad.wav */,
				CD43997C10D8DD7E002D598B /* RockPianoG.wav */,
				CD43997E10D8DD96002D598B /* SkaLoopGuitar.wav */,
				CD43998010D8DDAB002D598B /* Takamine.wav */,
				CD43998210D8DDC0002D598B /* VibraphoneFunk.wav */,
				CD43998610D8E05E002D598B /* AcousticGuitarMute.wav */,
				CD43998810D8E07D002D598B /* PopRockGtrSound.wav */,
			);
			name = Default;
			sourceTree = "<group>";
		};
/* End PBXGroup section */

/* Begin PBXNativeTarget section */
		1D6058900D05DD3D006BFB54 /* iQk */ = {
			isa = PBXNativeTarget;
			buildConfigurationList = 1D6058960D05DD3E006BFB54 /* Build configuration list for PBXNativeTarget "iQk" */;
			buildPhases = (
				1D60588D0D05DD3D006BFB54 /* Resources */,
				1D60588E0D05DD3D006BFB54 /* Sources */,
				1D60588F0D05DD3D006BFB54 /* Frameworks */,
			);
			buildRules = (
			);
			dependencies = (
			);
			name = iQk;
			productName = iQk;
			productReference = 1D6058910D05DD3D006BFB54 /* iQk.app */;
			productType = "com.apple.product-type.application";
		};
/* End PBXNativeTarget section */

/* Begin PBXProject section */
		29B97313FDCFA39411CA2CEA /* Project object */ = {
			isa = PBXProject;
			buildConfigurationList = C01FCF4E08A954540054247B /* Build configuration list for PBXProject "iQk" */;
			compatibilityVersion = "Xcode 3.1";
			hasScannedForEncodings = 1;
			mainGroup = 29B97314FDCFA39411CA2CEA /* CustomTemplate */;
			projectDirPath = "";
			projectRoot = "";
			targets = (
				1D6058900D05DD3D006BFB54 /* iQk */,
			);
		};
/* End PBXProject section */

/* Begin PBXResourcesBuildPhase section */
		1D60588D0D05DD3D006BFB54 /* Resources */ = {
			isa = PBXResourcesBuildPhase;
			buildActionMask = 2147483647;
			files = (
				28AD733F0D9D9553002E5188 /* MainWindow.xib in Resources */,
				1E27935610AC015A00BE4F6C /* ModeSelectView.xib in Resources */,
				1E6B216E10B12DB400BA14AD /* ServerBrowseView.xib in Resources */,
				EA7EBAC810B91BF700CC3F9A /* iQkGooView.xib in Resources */,
				CDDC912410C772620054F2A5 /* iQkSplash.png in Resources */,
				CDDC912610C772760054F2A5 /* iQkMultiButton.png in Resources */,
				CDA83B7A10CF70040050F857 /* iQkGooView.png in Resources */,
				CDA83B8410CF71CD0050F857 /* SnareDrum.wav in Resources */,
				CDA83BBD10CF7F2A0050F857 /* BassDrum.wav in Resources */,
				4680DE9D10D0BAD10015D2C3 /* CowBell.wav in Resources */,
				4680DEB110D0D97E0015D2C3 /* DiscoHit.wav in Resources */,
				4680DEB310D0D98D0015D2C3 /* DrumStick.wav in Resources */,
				4680DEB510D0D99D0015D2C3 /* HiHatClose.wav in Resources */,
				4680DEB710D0D9AF0015D2C3 /* JazzCymbal.wav in Resources */,
				4680DEB910D0D9C30015D2C3 /* PacmanDying.wav in Resources */,
				4680DEBD10D0D9DA0015D2C3 /* ReversedCrash.wav in Resources */,
				4680DEBF10D0D9EA0015D2C3 /* Tambourine.wav in Resources */,
				4680DEC210D0D9FD0015D2C3 /* ZildjianCymbals.wav in Resources */,
				4680DED810D0DB7A0015D2C3 /* CymbalSplash.wav in Resources */,
				4680DEDC10D0DC6A0015D2C3 /* HiHat.wav in Resources */,
				CD8B07A910D0E43000280D4C /* iQkSoloButton.png in Resources */,
				CD8B07B710D0E5DC00280D4C /* iQkSelectionBackground.png in Resources */,
				CD92DE7F10D5FC9900717A9F /* iQkSoloButtonEn.png in Resources */,
				CD92DEE310D609C600717A9F /* Pacman.wav in Resources */,
				CD92DF6F10D622BD00717A9F /* AcidBass.wav in Resources */,
				CD92DF7110D622E800717A9F /* BassAcid.wav in Resources */,
				CD92DF7310D6236D00717A9F /* BassGuitarSlap.wav in Resources */,
				CD92DF7510D623B300717A9F /* BassInD.wav in Resources */,
				CD92DF7710D623FC00717A9F /* BassTremelo.wav in Resources */,
				CD92DF7910D6242E00717A9F /* DarkEdgyBass.wav in Resources */,
				CD92DF7E10D6245E00717A9F /* HipHopBass.wav in Resources */,
				CD92DF8010D6249100717A9F /* MarimbaBass.wav in Resources */,
				CD92DF8210D624CF00717A9F /* NuSchoolBass.wav in Resources */,
				CD92DF8610D6250E00717A9F /* NuSkoolBass.wav in Resources */,
				CD92DF8810D6254400717A9F /* RedBass.wav in Resources */,
				CD92DF8A10D6256A00717A9F /* ThickBass.wav in Resources */,
				1EEE874C10D6334A002DEF6F /* PreferenceView.xib in Resources */,
				1EEE87AF10D63BCF002DEF6F /* Settings.bundle in Resources */,
				CD43996F10D8DC59002D598B /* CountryGuitar.wav in Resources */,
				CD43997110D8DC7B002D598B /* GrandPianoD.wav in Resources */,
				CD43997310D8DC9E002D598B /* GrandPianoRock.wav in Resources */,
				CD43997510D8DCE9002D598B /* IndianMelody.wav in Resources */,
				CD43997710D8DD03002D598B /* OrganWalkingDog.wav in Resources */,
				CD43997910D8DD4E002D598B /* PopGuitar.wav in Resources */,
				CD43997B10D8DD66002D598B /* RhodesBallad.wav in Resources */,
				CD43997D10D8DD7E002D598B /* RockPianoG.wav in Resources */,
				CD43997F10D8DD96002D598B /* SkaLoopGuitar.wav in Resources */,
				CD43998110D8DDAB002D598B /* Takamine.wav in Resources */,
				CD43998310D8DDC0002D598B /* VibraphoneFunk.wav in Resources */,
				CD43998710D8E05E002D598B /* AcousticGuitarMute.wav in Resources */,
				CD43998910D8E07D002D598B /* PopRockGtrSound.wav in Resources */,
				468813B310DA08650035B2CF /* iQkJoinButtonEn.png in Resources */,
				468813B510DA08740035B2CF /* iQkMenuButtonEn.png in Resources */,
				468813B710DA08800035B2CF /* iQkMultiButtonEN.png in Resources */,
				468813B910DA08890035B2CF /* iQkNewServerEN.png in Resources */,
				468813BB10DA08920035B2CF /* iQkNickButtonEN.png in Resources */,
				468813BF10DA0BAB0035B2CF /* iQkCreateServer.png in Resources */,
				CDEBC5C510DA200F008B134E /* iQkJoinButton.png in Resources */,
				CDEBC5C710DA2037008B134E /* iQkNickButton.png in Resources */,
				CDE5274910E1E4E500BF1AE5 /* iQkGooViewContact.png in Resources */,
				1E24764310E21E6300467480 /* iQkIconAppStore.jpg in Resources */,
				1E24764510E21E8400467480 /* icon.png in Resources */,
			);
			runOnlyForDeploymentPostprocessing = 0;
		};
/* End PBXResourcesBuildPhase section */

/* Begin PBXSourcesBuildPhase section */
		1D60588E0D05DD3D006BFB54 /* Sources */ = {
			isa = PBXSourcesBuildPhase;
			buildActionMask = 2147483647;
			files = (
				1D60589B0D05DD56006BFB54 /* main.m in Sources */,
				1D3623260D0F684500981E51 /* iQkAppDelegate.m in Sources */,
				6A21A8DC10ABF54700994931 /* ModeSelectViewController.m in Sources */,
				6A21A8E510ABF57B00994931 /* iQkGooViewController.m in Sources */,
				6A21A90B10ABFD0F00994931 /* ModeSelectView.m in Sources */,
				1E6B216D10B12DB400BA14AD /* ServerBrowseViewController.m in Sources */,
				1E6B219410B12F8A00BA14AD /* Connection.m in Sources */,
				1E6B219510B12F8A00BA14AD /* Gesture.m in Sources */,
				1E6B219610B12F8A00BA14AD /* LocalGameHost.m in Sources */,
				1E6B219710B12F8A00BA14AD /* RemoteGameHost.m in Sources */,
				1E6B219810B12F8A00BA14AD /* Server.m in Sources */,
				1E6B219910B12F8A00BA14AD /* ServerBrowser.m in Sources */,
				1E6B219B10B12F8A00BA14AD /* Game.m in Sources */,
				1E6B21BE10B131F200BA14AD /* AppConfig.m in Sources */,
				CDDC912A10C7730F0054F2A5 /* splashView.m in Sources */,
				CD10982F10C78E5C00993154 /* gridMap.m in Sources */,
				CDA83BAD10CF75490050F857 /* Audio.m in Sources */,
				1EEE874F10D63355002DEF6F /* PreferenceViewController.m in Sources */,
			);
			runOnlyForDeploymentPostprocessing = 0;
		};
/* End PBXSourcesBuildPhase section */

/* Begin XCBuildConfiguration section */
		1D6058940D05DD3E006BFB54 /* Debug */ = {
			isa = XCBuildConfiguration;
			buildSettings = {
				ALWAYS_SEARCH_USER_PATHS = NO;
				COPY_PHASE_STRIP = NO;
				GCC_DYNAMIC_NO_PIC = NO;
				GCC_OPTIMIZATION_LEVEL = 0;
				GCC_PRECOMPILE_PREFIX_HEADER = YES;
				GCC_PREFIX_HEADER = iQk_Prefix.pch;
				INFOPLIST_FILE = "iQk-Info.plist";
				PRODUCT_NAME = iQk;
			};
			name = Debug;
		};
		1D6058950D05DD3E006BFB54 /* Release */ = {
			isa = XCBuildConfiguration;
			buildSettings = {
				ALWAYS_SEARCH_USER_PATHS = NO;
				COPY_PHASE_STRIP = YES;
				GCC_PRECOMPILE_PREFIX_HEADER = YES;
				GCC_PREFIX_HEADER = iQk_Prefix.pch;
				INFOPLIST_FILE = "iQk-Info.plist";
				PRODUCT_NAME = iQk;
			};
			name = Release;
		};
		C01FCF4F08A954540054247B /* Debug */ = {
			isa = XCBuildConfiguration;
			buildSettings = {
				ARCHS = "$(ARCHS_STANDARD_32_BIT)";
				"CODE_SIGN_IDENTITY[sdk=iphoneos*]" = "iPhone Developer";
				GCC_C_LANGUAGE_STANDARD = c99;
				GCC_WARN_ABOUT_RETURN_TYPE = YES;
				GCC_WARN_UNUSED_VARIABLE = YES;
				PREBINDING = NO;
				SDKROOT = iphoneos3.1;
			};
			name = Debug;
		};
		C01FCF5008A954540054247B /* Release */ = {
			isa = XCBuildConfiguration;
			buildSettings = {
				ARCHS = "$(ARCHS_STANDARD_32_BIT)";
				"CODE_SIGN_IDENTITY[sdk=iphoneos*]" = "iPhone Developer";
				GCC_C_LANGUAGE_STANDARD = c99;
				GCC_WARN_ABOUT_RETURN_TYPE = YES;
				GCC_WARN_UNUSED_VARIABLE = YES;
				PREBINDING = NO;
				SDKROOT = iphoneos3.1;
			};
			name = Release;
		};
/* End XCBuildConfiguration section */

/* Begin XCConfigurationList section */
		1D6058960D05DD3E006BFB54 /* Build configuration list for PBXNativeTarget "iQk" */ = {
			isa = XCConfigurationList;
			buildConfigurations = (
				1D6058940D05DD3E006BFB54 /* Debug */,
				1D6058950D05DD3E006BFB54 /* Release */,
			);
			defaultConfigurationIsVisible = 0;
			defaultConfigurationName = Release;
		};
		C01FCF4E08A954540054247B /* Build configuration list for PBXProject "iQk" */ = {
			isa = XCConfigurationList;
			buildConfigurations = (
				C01FCF4F08A954540054247B /* Debug */,
				C01FCF5008A954540054247B /* Release */,
			);
			defaultConfigurationIsVisible = 0;
			defaultConfigurationName = Release;
		};
/* End XCConfigurationList section */
	};
	rootObject = 29B97313FDCFA39411CA2CEA /* Project object */;
}
